
Microsoft Visual Studio Solution File, Format Version 12.00
# Visual Studio Version 17
VisualStudioVersion = 17.0.32014.148
MinimumVisualStudioVersion = 10.0.40219.1
Project("{FAE04EC0-301F-11D3-BF4B-00C04F79EFBC}") = "Weather", "Weather\Weather.csproj", "{FCFD769D-0936-4F6C-B89B-CF7DB792ED41}"
EndProject
Global
	GlobalSection(SolutionConfigurationPlatforms) = preSolution
		Debug|Any CPU = Debug|Any CPU
		Release|Any CPU = Release|Any CPU
	EndGlobalSection
	GlobalSection(ProjectConfigurationPlatforms) = postSolution
		{FCFD769D-0936-4F6C-B89B-CF7DB792ED41}.Debug|Any CPU.ActiveCfg = Debug|Any CPU
		{FCFD769D-0936-4F6C-B89B-CF7DB792ED41}.Debug|Any CPU.Build.0 = Debug|Any CPU
		{FCFD769D-0936-4F6C-B89B-CF7DB792ED41}.Release|Any CPU.ActiveCfg = Release|Any CPU
		{FCFD769D-0936-4F6C-B89B-CF7DB792ED41}.Release|Any CPU.Build.0 = Release|Any CPU
	EndGlobalSection
	GlobalSection(SolutionProperties) = preSolution
		HideSolutionNode = FALSE
	EndGlobalSection
	GlobalSection(ExtensibilityGlobals) = postSolution
		SolutionGuid = {F41BC594-59E2-4B3B-BDC9-531094991FD7}
	EndGlobalSection
EndGlobal
